{
  "name": "memory-workflow-agent",
  "version": "0.1.0",
  "lockfileVersion": 3,
  "requires": true,
  "packages": {
    "": { "name": "memory-workflow-agent", "version": "0.1.0", "dependencies": { "@mastra/core": "1.63.2", "@mastra/convex": "1.5.4" } },
    "node_modules/@mastra/core": { "version": "1.63.2" },
    "node_modules/@mastra/convex": { "version": "1.5.4" }
  }
}
